
Microsoft Visual Studio Solution File, Format Version 12.00
# Visual Studio Version 17
VisualStudioVersion = 17.13.35931.197 d17.13
MinimumVisualStudioVersion = 10.0.40219.1
Project("{FAE04EC0-301F-11D3-BF4B-00C04F79EFBC}") = "MattEland.Jaimes.ConsoleApp", "MattEland.Jaimes.ConsoleApp\MattEland.Jaimes.ConsoleApp.csproj", "{A20BC0AF-F198-4EFA-B9D2-32F593430A63}"
EndProject
Project("{FAE04EC0-301F-11D3-BF4B-00C04F79EFBC}") = "MattEland.Jaimes.Core", "MattEland.Jaimes.Core\MattEland.Jaimes.Core.csproj", "{50AD4885-B9A1-4926-8603-D503D339A68C}"
EndProject
Project("{2150E333-8FDC-42A3-9474-1A3956D46DE8}") = "Solution Items", "Solution Items", "{8EC462FD-D22E-90A8-E5CE-7E832BA40C5D}"
	ProjectSection(SolutionItems) = preProject
		README.md = README.md
		.github\copilot-instructions.md = .github\copilot-instructions.md
	EndProjectSection
EndProject
Project("{FAE04EC0-301F-11D3-BF4B-00C04F79EFBC}") = "MattEland.Jaimes.Agents", "MattEland.Jaimes.Agents\MattEland.Jaimes.Agents.csproj", "{82D476F8-088D-4A22-846B-AAEB819BA1DB}"
EndProject
Project("{FAE04EC0-301F-11D3-BF4B-00C04F79EFBC}") = "MattEland.Jaimes.RAG", "MattEland.Jaimes.RAG\MattEland.Jaimes.RAG.csproj", "{B7EC4F61-9D86-46B7-B0C7-B3B9D19E8FE2}"
EndProject
Project("{FAE04EC0-301F-11D3-BF4B-00C04F79EFBC}") = "MattEland.Jaimes.Tests", "MattEland.Jaimes.Tests\MattEland.Jaimes.Tests.csproj", "{19EF226C-43FB-46EB-B9F9-74EA6345B0EF}"
EndProject
Project("{2150E333-8FDC-42A3-9474-1A3956D46DE8}") = "Core", "Core", "{9E9AA409-1AC1-4857-8450-64EA0E8EC72D}"
EndProject
Project("{2150E333-8FDC-42A3-9474-1A3956D46DE8}") = "Clients", "Clients", "{5CBE0362-2410-4E31-B0F4-7C405189D7E8}"
EndProject
Project("{2150E333-8FDC-42A3-9474-1A3956D46DE8}") = "Tests", "Tests", "{925CFE84-E7AB-4FC1-8FDA-A13128F3BC74}"
EndProject
Global
	GlobalSection(SolutionConfigurationPlatforms) = preSolution
		Debug|Any CPU = Debug|Any CPU
		Release|Any CPU = Release|Any CPU
	EndGlobalSection
	GlobalSection(ProjectConfigurationPlatforms) = postSolution
		{A20BC0AF-F198-4EFA-B9D2-32F593430A63}.Debug|Any CPU.ActiveCfg = Debug|Any CPU
		{A20BC0AF-F198-4EFA-B9D2-32F593430A63}.Debug|Any CPU.Build.0 = Debug|Any CPU
		{A20BC0AF-F198-4EFA-B9D2-32F593430A63}.Release|Any CPU.ActiveCfg = Release|Any CPU
		{A20BC0AF-F198-4EFA-B9D2-32F593430A63}.Release|Any CPU.Build.0 = Release|Any CPU
		{50AD4885-B9A1-4926-8603-D503D339A68C}.Debug|Any CPU.ActiveCfg = Debug|Any CPU
		{50AD4885-B9A1-4926-8603-D503D339A68C}.Debug|Any CPU.Build.0 = Debug|Any CPU
		{50AD4885-B9A1-4926-8603-D503D339A68C}.Release|Any CPU.ActiveCfg = Release|Any CPU
		{50AD4885-B9A1-4926-8603-D503D339A68C}.Release|Any CPU.Build.0 = Release|Any CPU
		{82D476F8-088D-4A22-846B-AAEB819BA1DB}.Debug|Any CPU.ActiveCfg = Debug|Any CPU
		{82D476F8-088D-4A22-846B-AAEB819BA1DB}.Debug|Any CPU.Build.0 = Debug|Any CPU
		{82D476F8-088D-4A22-846B-AAEB819BA1DB}.Release|Any CPU.ActiveCfg = Release|Any CPU
		{82D476F8-088D-4A22-846B-AAEB819BA1DB}.Release|Any CPU.Build.0 = Release|Any CPU
		{B7EC4F61-9D86-46B7-B0C7-B3B9D19E8FE2}.Debug|Any CPU.ActiveCfg = Debug|Any CPU
		{B7EC4F61-9D86-46B7-B0C7-B3B9D19E8FE2}.Debug|Any CPU.Build.0 = Debug|Any CPU
		{B7EC4F61-9D86-46B7-B0C7-B3B9D19E8FE2}.Release|Any CPU.ActiveCfg = Release|Any CPU
		{B7EC4F61-9D86-46B7-B0C7-B3B9D19E8FE2}.Release|Any CPU.Build.0 = Release|Any CPU
		{19EF226C-43FB-46EB-B9F9-74EA6345B0EF}.Debug|Any CPU.ActiveCfg = Debug|Any CPU
		{19EF226C-43FB-46EB-B9F9-74EA6345B0EF}.Debug|Any CPU.Build.0 = Debug|Any CPU
		{19EF226C-43FB-46EB-B9F9-74EA6345B0EF}.Release|Any CPU.ActiveCfg = Release|Any CPU
		{19EF226C-43FB-46EB-B9F9-74EA6345B0EF}.Release|Any CPU.Build.0 = Release|Any CPU
	EndGlobalSection
	GlobalSection(SolutionProperties) = preSolution
		HideSolutionNode = FALSE
	EndGlobalSection
	GlobalSection(NestedProjects) = preSolution
		{82D476F8-088D-4A22-846B-AAEB819BA1DB} = {9E9AA409-1AC1-4857-8450-64EA0E8EC72D}
		{A20BC0AF-F198-4EFA-B9D2-32F593430A63} = {5CBE0362-2410-4E31-B0F4-7C405189D7E8}
		{50AD4885-B9A1-4926-8603-D503D339A68C} = {9E9AA409-1AC1-4857-8450-64EA0E8EC72D}
		{B7EC4F61-9D86-46B7-B0C7-B3B9D19E8FE2} = {9E9AA409-1AC1-4857-8450-64EA0E8EC72D}
		{19EF226C-43FB-46EB-B9F9-74EA6345B0EF} = {925CFE84-E7AB-4FC1-8FDA-A13128F3BC74}
	EndGlobalSection
EndGlobal
